Microsoft Visual Studio Solution File, Format Version 12.00
# Visual Studio Version 17
VisualStudioVersion = 17.5.2.0
MinimumVisualStudioVersion = 10.0.40219.1
Project("{FAE04EC0-301F-11D3-BF4B-00C04F79EFBC}") = "AlcoholTracker.API", "AlcoholTracker.API\AlcoholTracker.API.csproj", "{A884BD44-BEA3-5A50-1BD2-45991FC256EF}"
EndProject
Global
	GlobalSection(SolutionConfigurationPlatforms) = preSolution
		Debug|Any CPU = Debug|Any CPU
		Release|Any CPU = Release|Any CPU
	EndGlobalSection
	GlobalSection(ProjectConfigurationPlatforms) = postSolution
		{A884BD44-BEA3-5A50-1BD2-45991FC256EF}.Debug|Any CPU.ActiveCfg = Debug|Any CPU
		{A884BD44-BEA3-5A50-1BD2-45991FC256EF}.Debug|Any CPU.Build.0 = Debug|Any CPU
		{A884BD44-BEA3-5A50-1BD2-45991FC256EF}.Release|Any CPU.ActiveCfg = Release|Any CPU
		{A884BD44-BEA3-5A50-1BD2-45991FC256EF}.Release|Any CPU.Build.0 = Release|Any CPU
	EndGlobalSection
	GlobalSection(SolutionProperties) = preSolution
		HideSolutionNode = FALSE
	EndGlobalSection
	GlobalSection(ExtensibilityGlobals) = postSolution
		SolutionGuid = {17DC731F-9E9A-4C33-8943-8289CE18D56B}
	EndGlobalSection
EndGlobal
